{
    "name": "static-file-server",
    "version": "1.0.0",
    "lockfileVersion": 3,
    "requires": true,
    "packages": {
        "": {
            "name": "static-file-server",
            "version": "1.0.0",
            "license": "ISC",
            "dependencies": {
                "static-file-server": "file:"
            }
        },
        "node_modules/static-file-server": {
            "resolved": "",
            "link": true
        }
    }
}
