{
  "name": "advanced-javascript-concepts-mern",
  "version": "1.0.0",
  "lockfileVersion": 3,
  "requires": true,
  "packages": {
    "": {
      "name": "advanced-javascript-concepts-mern",
      "version": "1.0.0",
      "license": "ISC",
      "dependencies": {
        "advanced-javascript-concepts-mern": "file:"
      }
    },
    "node_modules/advanced-javascript-concepts-mern": {
      "resolved": "",
      "link": true
    }
  }
}
