{
  "name": "system-utility",
  "version": "1.0.0",
  "lockfileVersion": 3,
  "requires": true,
  "packages": {
    "": {
      "name": "system-utility",
      "version": "1.0.0",
      "license": "ISC",
      "dependencies": {
        "system-utility": "file:"
      }
    },
    "node_modules/system-utility": {
      "resolved": "",
      "link": true
    }
  }
}
